
Microsoft Visual Studio Solution File, Format Version 12.00
# Visual Studio 2012
Project("{FAE04EC0-301F-11D3-BF4B-00C04F79EFBC}") = "Owin.Catify", "Owin.Catify\Owin.Catify.csproj", "{C0624A42-19F1-4E81-9203-BB61B40D5E77}"
EndProject
Project("{FAE04EC0-301F-11D3-BF4B-00C04F79EFBC}") = "Owin.Catify.Tests", "Owin.Catify.Tests\Owin.Catify.Tests.csproj", "{A4021A6F-175A-4A1E-88C6-A8E882B329F4}"
EndProject
Project("{2150E333-8FDC-42A3-9474-1A3956D46DE8}") = ".nuget", ".nuget", "{8BAAC1A2-14C0-47FC-9D90-0572DE34CB35}"
	ProjectSection(SolutionItems) = preProject
		.nuget\NuGet.Config = .nuget\NuGet.Config
		.nuget\NuGet.exe = .nuget\NuGet.exe
		.nuget\NuGet.targets = .nuget\NuGet.targets
	EndProjectSection
EndProject
Project("{FAE04EC0-301F-11D3-BF4B-00C04F79EFBC}") = "NancyTest", "NancyTest\NancyTest.csproj", "{D8ED74CB-940C-4C4D-9C3A-2B5F78C1CF4C}"
EndProject
Global
	GlobalSection(SolutionConfigurationPlatforms) = preSolution
		Debug|Any CPU = Debug|Any CPU
		Release|Any CPU = Release|Any CPU
	EndGlobalSection
	GlobalSection(ProjectConfigurationPlatforms) = postSolution
		{A4021A6F-175A-4A1E-88C6-A8E882B329F4}.Debug|Any CPU.ActiveCfg = Debug|Any CPU
		{A4021A6F-175A-4A1E-88C6-A8E882B329F4}.Debug|Any CPU.Build.0 = Debug|Any CPU
		{A4021A6F-175A-4A1E-88C6-A8E882B329F4}.Release|Any CPU.ActiveCfg = Release|Any CPU
		{A4021A6F-175A-4A1E-88C6-A8E882B329F4}.Release|Any CPU.Build.0 = Release|Any CPU
		{C0624A42-19F1-4E81-9203-BB61B40D5E77}.Debug|Any CPU.ActiveCfg = Debug|Any CPU
		{C0624A42-19F1-4E81-9203-BB61B40D5E77}.Debug|Any CPU.Build.0 = Debug|Any CPU
		{C0624A42-19F1-4E81-9203-BB61B40D5E77}.Release|Any CPU.ActiveCfg = Release|Any CPU
		{C0624A42-19F1-4E81-9203-BB61B40D5E77}.Release|Any CPU.Build.0 = Release|Any CPU
		{D8ED74CB-940C-4C4D-9C3A-2B5F78C1CF4C}.Debug|Any CPU.ActiveCfg = Debug|Any CPU
		{D8ED74CB-940C-4C4D-9C3A-2B5F78C1CF4C}.Debug|Any CPU.Build.0 = Debug|Any CPU
		{D8ED74CB-940C-4C4D-9C3A-2B5F78C1CF4C}.Release|Any CPU.ActiveCfg = Release|Any CPU
		{D8ED74CB-940C-4C4D-9C3A-2B5F78C1CF4C}.Release|Any CPU.Build.0 = Release|Any CPU
	EndGlobalSection
	GlobalSection(NestedProjects) = preSolution
	EndGlobalSection
	GlobalSection(MonoDevelopProperties) = preSolution
		StartupItem = Owin.Catify\Owin.Catify.csproj
	EndGlobalSection
	GlobalSection(SolutionProperties) = preSolution
		HideSolutionNode = FALSE
	EndGlobalSection
EndGlobal
